
Microsoft Visual Studio Solution File, Format Version 12.00
# Visual Studio Version 16
VisualStudioVersion = 16.0.31129.286
MinimumVisualStudioVersion = 10.0.40219.1
Project("{9A19103F-16F7-4668-BE54-9A1E7A4F7556}") = "InquirerCS", "src\Inquirer\InquirerCS.csproj", "{D9EFEA4B-C3A8-4237-82C7-4A91B8341BE8}"
EndProject
Project("{9A19103F-16F7-4668-BE54-9A1E7A4F7556}") = "Tests", "src\Tests\Tests.csproj", "{9BF5C636-F53C-4B5B-9D21-9171CF9FC98C}"
EndProject
Project("{9A19103F-16F7-4668-BE54-9A1E7A4F7556}") = "Demo", "src\Demo\Demo.csproj", "{1AD97866-C0AC-45FF-9355-E290E309FA5B}"
EndProject
Project("{9A19103F-16F7-4668-BE54-9A1E7A4F7556}") = "Demo2", "src\Demo2\Demo2.csproj", "{1FD6E1F8-EB8C-439B-9C8C-B9BB27EECD62}"
EndProject
Project("{2150E333-8FDC-42A3-9474-1A3956D46DE8}") = "Solution Items", "Solution Items", "{05A5CE0F-770D-4396-B22D-78CCAA5A486C}"
	ProjectSection(SolutionItems) = preProject
		.gitattributes = .gitattributes
		.gitignore = .gitignore
		appveyor.yml = appveyor.yml
		Inquirer.nuspec = Inquirer.nuspec
		LICENSE = LICENSE
		README.md = README.md
	EndProjectSection
EndProject
Global
	GlobalSection(SolutionConfigurationPlatforms) = preSolution
		Debug|Any CPU = Debug|Any CPU
		Release|Any CPU = Release|Any CPU
	EndGlobalSection
	GlobalSection(ProjectConfigurationPlatforms) = postSolution
		{D9EFEA4B-C3A8-4237-82C7-4A91B8341BE8}.Debug|Any CPU.ActiveCfg = Debug|Any CPU
		{D9EFEA4B-C3A8-4237-82C7-4A91B8341BE8}.Debug|Any CPU.Build.0 = Debug|Any CPU
		{D9EFEA4B-C3A8-4237-82C7-4A91B8341BE8}.Release|Any CPU.ActiveCfg = Release|Any CPU
		{D9EFEA4B-C3A8-4237-82C7-4A91B8341BE8}.Release|Any CPU.Build.0 = Release|Any CPU
		{9BF5C636-F53C-4B5B-9D21-9171CF9FC98C}.Debug|Any CPU.ActiveCfg = Debug|Any CPU
		{9BF5C636-F53C-4B5B-9D21-9171CF9FC98C}.Debug|Any CPU.Build.0 = Debug|Any CPU
		{9BF5C636-F53C-4B5B-9D21-9171CF9FC98C}.Release|Any CPU.ActiveCfg = Release|Any CPU
		{9BF5C636-F53C-4B5B-9D21-9171CF9FC98C}.Release|Any CPU.Build.0 = Release|Any CPU
		{1AD97866-C0AC-45FF-9355-E290E309FA5B}.Debug|Any CPU.ActiveCfg = Debug|Any CPU
		{1AD97866-C0AC-45FF-9355-E290E309FA5B}.Debug|Any CPU.Build.0 = Debug|Any CPU
		{1AD97866-C0AC-45FF-9355-E290E309FA5B}.Release|Any CPU.ActiveCfg = Release|Any CPU
		{1AD97866-C0AC-45FF-9355-E290E309FA5B}.Release|Any CPU.Build.0 = Release|Any CPU
		{1FD6E1F8-EB8C-439B-9C8C-B9BB27EECD62}.Debug|Any CPU.ActiveCfg = Debug|Any CPU
		{1FD6E1F8-EB8C-439B-9C8C-B9BB27EECD62}.Debug|Any CPU.Build.0 = Debug|Any CPU
		{1FD6E1F8-EB8C-439B-9C8C-B9BB27EECD62}.Release|Any CPU.ActiveCfg = Release|Any CPU
		{1FD6E1F8-EB8C-439B-9C8C-B9BB27EECD62}.Release|Any CPU.Build.0 = Release|Any CPU
	EndGlobalSection
	GlobalSection(SolutionProperties) = preSolution
		HideSolutionNode = FALSE
	EndGlobalSection
	GlobalSection(ExtensibilityGlobals) = postSolution
		SolutionGuid = {7E141206-2562-4012-AD88-5C1227384ED3}
	EndGlobalSection
EndGlobal
