
Microsoft Visual Studio Solution File, Format Version 12.00
# Visual Studio 14
VisualStudioVersion = 14.0.25420.1
MinimumVisualStudioVersion = 10.0.40219.1
Project("{FAE04EC0-301F-11D3-BF4B-00C04F79EFBC}") = "ConsoleWizard", "ConsoleWizard.csproj", "{D9EFEA4B-C3A8-4237-82C7-4A91B8341BE8}"
EndProject
Project("{FAE04EC0-301F-11D3-BF4B-00C04F79EFBC}") = "ConsoleApp1", "..\ConsoleApp1\ConsoleApp1.csproj", "{82875E7A-C891-4876-AECA-41A17ED67324}"
EndProject
Global
	GlobalSection(SolutionConfigurationPlatforms) = preSolution
		Debug|Any CPU = Debug|Any CPU
		Release|Any CPU = Release|Any CPU
	EndGlobalSection
	GlobalSection(ProjectConfigurationPlatforms) = postSolution
		{D9EFEA4B-C3A8-4237-82C7-4A91B8341BE8}.Debug|Any CPU.ActiveCfg = Debug|Any CPU
		{D9EFEA4B-C3A8-4237-82C7-4A91B8341BE8}.Debug|Any CPU.Build.0 = Debug|Any CPU
		{D9EFEA4B-C3A8-4237-82C7-4A91B8341BE8}.Release|Any CPU.ActiveCfg = Release|Any CPU
		{D9EFEA4B-C3A8-4237-82C7-4A91B8341BE8}.Release|Any CPU.Build.0 = Release|Any CPU
		{82875E7A-C891-4876-AECA-41A17ED67324}.Debug|Any CPU.ActiveCfg = Debug|Any CPU
		{82875E7A-C891-4876-AECA-41A17ED67324}.Debug|Any CPU.Build.0 = Debug|Any CPU
		{82875E7A-C891-4876-AECA-41A17ED67324}.Release|Any CPU.ActiveCfg = Release|Any CPU
		{82875E7A-C891-4876-AECA-41A17ED67324}.Release|Any CPU.Build.0 = Release|Any CPU
	EndGlobalSection
	GlobalSection(SolutionProperties) = preSolution
		HideSolutionNode = FALSE
	EndGlobalSection
	GlobalSection(ExtensibilityGlobals) = postSolution
		SolutionGuid = {C37398B0-81CF-4DEE-BDE6-879076C5D28D}
	EndGlobalSection
EndGlobal
