
Microsoft Visual Studio Solution File, Format Version 12.00
# Visual Studio 14
VisualStudioVersion = 14.0.25420.1
MinimumVisualStudioVersion = 10.0.40219.1
Project("{FAE04EC0-301F-11D3-BF4B-00C04F79EFBC}") = "InquirerCS", "Inquirer\InquirerCS.csproj", "{D9EFEA4B-C3A8-4237-82C7-4A91B8341BE8}"
EndProject
Project("{FAE04EC0-301F-11D3-BF4B-00C04F79EFBC}") = "Sandbox3", "Sandbox3\Sandbox3.csproj", "{89E21DC7-023A-4520-B435-F97A3D43048B}"
EndProject
Project("{FAE04EC0-301F-11D3-BF4B-00C04F79EFBC}") = "Tests", "Tests\Tests.csproj", "{9BF5C636-F53C-4B5B-9D21-9171CF9FC98C}"
EndProject
Global
	GlobalSection(SolutionConfigurationPlatforms) = preSolution
		Debug|Any CPU = Debug|Any CPU
		Release|Any CPU = Release|Any CPU
	EndGlobalSection
	GlobalSection(ProjectConfigurationPlatforms) = postSolution
		{D9EFEA4B-C3A8-4237-82C7-4A91B8341BE8}.Debug|Any CPU.ActiveCfg = Debug|Any CPU
		{D9EFEA4B-C3A8-4237-82C7-4A91B8341BE8}.Debug|Any CPU.Build.0 = Debug|Any CPU
		{D9EFEA4B-C3A8-4237-82C7-4A91B8341BE8}.Release|Any CPU.ActiveCfg = Release|Any CPU
		{D9EFEA4B-C3A8-4237-82C7-4A91B8341BE8}.Release|Any CPU.Build.0 = Release|Any CPU
		{89E21DC7-023A-4520-B435-F97A3D43048B}.Debug|Any CPU.ActiveCfg = Debug|Any CPU
		{89E21DC7-023A-4520-B435-F97A3D43048B}.Debug|Any CPU.Build.0 = Debug|Any CPU
		{89E21DC7-023A-4520-B435-F97A3D43048B}.Release|Any CPU.ActiveCfg = Release|Any CPU
		{89E21DC7-023A-4520-B435-F97A3D43048B}.Release|Any CPU.Build.0 = Release|Any CPU
		{9BF5C636-F53C-4B5B-9D21-9171CF9FC98C}.Debug|Any CPU.ActiveCfg = Debug|Any CPU
		{9BF5C636-F53C-4B5B-9D21-9171CF9FC98C}.Debug|Any CPU.Build.0 = Debug|Any CPU
		{9BF5C636-F53C-4B5B-9D21-9171CF9FC98C}.Release|Any CPU.ActiveCfg = Release|Any CPU
		{9BF5C636-F53C-4B5B-9D21-9171CF9FC98C}.Release|Any CPU.Build.0 = Release|Any CPU
	EndGlobalSection
	GlobalSection(SolutionProperties) = preSolution
		HideSolutionNode = FALSE
	EndGlobalSection
EndGlobal
